// !$*UTF8*$!
{
	archiveVersion = 1;
	classes = {
	};
	objectVersion = 48;
	objects = {

/* Begin PBXBuildFile section */
		2411BAE51F2EEC10000E4197 /* AppDelegate.swift in Sources */ = {isa = PBXBuildFile; fileRef = 2411BAE41F2EEC10000E4197 /* AppDelegate.swift */; };
		2411BAE71F2EEC10000E4197 /* ViewController.swift in Sources */ = {isa = PBXBuildFile; fileRef = 2411BAE61F2EEC10000E4197 /* ViewController.swift */; };
		2411BAEA1F2EEC10000E4197 /* Main.storyboard in Resources */ = {isa = PBXBuildFile; fileRef = 2411BAE81F2EEC10000E4197 /* Main.storyboard */; };
		2411BAEC1F2EEC10000E4197 /* Assets.xcassets in Resources */ = {isa = PBXBuildFile; fileRef = 2411BAEB1F2EEC10000E4197 /* Assets.xcassets */; };
		2411BAEF1F2EEC10000E4197 /* LaunchScreen.storyboard in Resources */ = {isa = PBXBuildFile; fileRef = 2411BAED1F2EEC10000E4197 /* LaunchScreen.storyboard */; };
		246888631F2F32BC0083B9E8 /* MrPig.scnassets in Resources */ = {isa = PBXBuildFile; fileRef = 246888621F2F32B90083B9E8 /* MrPig.scnassets */; };
		246888681F2F332F0083B9E8 /* GameUtils.swift in Sources */ = {isa = PBXBuildFile; fileRef = 246888651F2F332A0083B9E8 /* GameUtils.swift */; };
		246888691F2F332F0083B9E8 /* GameHelper.swift in Sources */ = {isa = PBXBuildFile; fileRef = 246888661F2F332A0083B9E8 /* GameHelper.swift */; };
		2468886A1F2F332F0083B9E8 /* SCNAction+Extensions.swift in Sources */ = {isa = PBXBuildFile; fileRef = 246888671F2F332A0083B9E8 /* SCNAction+Extensions.swift */; };
/* End PBXBuildFile section */

/* Begin PBXFileReference section */
		2411BAE11F2EEC10000E4197 /* Mr.Pig.app */ = {isa = PBXFileReference; explicitFileType = wrapper.application; includeInIndex = 0; path = Mr.Pig.app; sourceTree = BUILT_PRODUCTS_DIR; };
		2411BAE41F2EEC10000E4197 /* AppDelegate.swift */ = {isa = PBXFileReference; lastKnownFileType = sourcecode.swift; path = AppDelegate.swift; sourceTree = "<group>"; };
		2411BAE61F2EEC10000E4197 /* ViewController.swift */ = {isa = PBXFileReference; lastKnownFileType = sourcecode.swift; path = ViewController.swift; sourceTree = "<group>"; };
		2411BAE91F2EEC10000E4197 /* Base */ = {isa = PBXFileReference; lastKnownFileType = file.storyboard; name = Base; path = Base.lproj/Main.storyboard; sourceTree = "<group>"; };
		2411BAEB1F2EEC10000E4197 /* Assets.xcassets */ = {isa = PBXFileReference; lastKnownFileType = folder.assetcatalog; path = Assets.xcassets; sourceTree = "<group>"; };
		2411BAEE1F2EEC10000E4197 /* Base */ = {isa = PBXFileReference; lastKnownFileType = file.storyboard; name = Base; path = Base.lproj/LaunchScreen.storyboard; sourceTree = "<group>"; };
		2411BAF01F2EEC10000E4197 /* Info.plist */ = {isa = PBXFileReference; lastKnownFileType = text.plist.xml; path = Info.plist; sourceTree = "<group>"; };
		246888621F2F32B90083B9E8 /* MrPig.scnassets */ = {isa = PBXFileReference; lastKnownFileType = wrapper.scnassets; path = MrPig.scnassets; sourceTree = "<group>"; };
		246888651F2F332A0083B9E8 /* GameUtils.swift */ = {isa = PBXFileReference; lastKnownFileType = sourcecode.swift; path = GameUtils.swift; sourceTree = "<group>"; };
		246888661F2F332A0083B9E8 /* GameHelper.swift */ = {isa = PBXFileReference; lastKnownFileType = sourcecode.swift; path = GameHelper.swift; sourceTree = "<group>"; };
		246888671F2F332A0083B9E8 /* SCNAction+Extensions.swift */ = {isa = PBXFileReference; lastKnownFileType = sourcecode.swift; path = "SCNAction+Extensions.swift"; sourceTree = "<group>"; };
/* End PBXFileReference section */

/* Begin PBXFrameworksBuildPhase section */
		2411BADE1F2EEC10000E4197 /* Frameworks */ = {
			isa = PBXFrameworksBuildPhase;
			buildActionMask = 2147483647;
			files = (
			);
			runOnlyForDeploymentPostprocessing = 0;
		};
/* End PBXFrameworksBuildPhase section */

/* Begin PBXGroup section */
		2411BAD81F2EEC10000E4197 = {
			isa = PBXGroup;
			children = (
				2411BAE31F2EEC10000E4197 /* Mr.Pig */,
				2411BAE21F2EEC10000E4197 /* Products */,
			);
			sourceTree = "<group>";
		};
		2411BAE21F2EEC10000E4197 /* Products */ = {
			isa = PBXGroup;
			children = (
				2411BAE11F2EEC10000E4197 /* Mr.Pig.app */,
			);
			name = Products;
			sourceTree = "<group>";
		};
		2411BAE31F2EEC10000E4197 /* Mr.Pig */ = {
			isa = PBXGroup;
			children = (
				2411BAE41F2EEC10000E4197 /* AppDelegate.swift */,
				2411BAE61F2EEC10000E4197 /* ViewController.swift */,
				246888641F2F332A0083B9E8 /* GameUtils */,
				2411BAE81F2EEC10000E4197 /* Main.storyboard */,
				246888621F2F32B90083B9E8 /* MrPig.scnassets */,
				2411BAEB1F2EEC10000E4197 /* Assets.xcassets */,
				2411BAED1F2EEC10000E4197 /* LaunchScreen.storyboard */,
				2411BAF01F2EEC10000E4197 /* Info.plist */,
			);
			path = Mr.Pig;
			sourceTree = "<group>";
		};
		246888641F2F332A0083B9E8 /* GameUtils */ = {
			isa = PBXGroup;
			children = (
				246888651F2F332A0083B9E8 /* GameUtils.swift */,
				246888661F2F332A0083B9E8 /* GameHelper.swift */,
				246888671F2F332A0083B9E8 /* SCNAction+Extensions.swift */,
			);
			path = GameUtils;
			sourceTree = "<group>";
		};
/* End PBXGroup section */

/* Begin PBXNativeTarget section */
		2411BAE01F2EEC10000E4197 /* Mr.Pig */ = {
			isa = PBXNativeTarget;
			buildConfigurationList = 2411BAF31F2EEC10000E4197 /* Build configuration list for PBXNativeTarget "Mr.Pig" */;
			buildPhases = (
				2411BADD1F2EEC10000E4197 /* Sources */,
				2411BADE1F2EEC10000E4197 /* Frameworks */,
				2411BADF1F2EEC10000E4197 /* Resources */,
			);
			buildRules = (
			);
			dependencies = (
			);
			name = Mr.Pig;
			productName = Mr.Pig;
			productReference = 2411BAE11F2EEC10000E4197 /* Mr.Pig.app */;
			productType = "com.apple.product-type.application";
		};
/* End PBXNativeTarget section */

/* Begin PBXProject section */
		2411BAD91F2EEC10000E4197 /* Project object */ = {
			isa = PBXProject;
			attributes = {
				LastSwiftUpdateCheck = 0900;
				LastUpgradeCheck = 0900;
				ORGANIZATIONNAME = "宋 奎熹";
				TargetAttributes = {
					2411BAE01F2EEC10000E4197 = {
						CreatedOnToolsVersion = 9.0;
					};
				};
			};
			buildConfigurationList = 2411BADC1F2EEC10000E4197 /* Build configuration list for PBXProject "Mr.Pig" */;
			compatibilityVersion = "Xcode 8.0";
			developmentRegion = en;
			hasScannedForEncodings = 0;
			knownRegions = (
				en,
				Base,
			);
			mainGroup = 2411BAD81F2EEC10000E4197;
			productRefGroup = 2411BAE21F2EEC10000E4197 /* Products */;
			projectDirPath = "";
			projectRoot = "";
			targets = (
				2411BAE01F2EEC10000E4197 /* Mr.Pig */,
			);
		};
/* End PBXProject section */

/* Begin PBXResourcesBuildPhase section */
		2411BADF1F2EEC10000E4197 /* Resources */ = {
			isa = PBXResourcesBuildPhase;
			buildActionMask = 2147483647;
			files = (
				2411BAEF1F2EEC10000E4197 /* LaunchScreen.storyboard in Resources */,
				2411BAEC1F2EEC10000E4197 /* Assets.xcassets in Resources */,
				2411BAEA1F2EEC10000E4197 /* Main.storyboard in Resources */,
				246888631F2F32BC0083B9E8 /* MrPig.scnassets in Resources */,
			);
			runOnlyForDeploymentPostprocessing = 0;
		};
/* End PBXResourcesBuildPhase section */

/* Begin PBXSourcesBuildPhase section */
		2411BADD1F2EEC10000E4197 /* Sources */ = {
			isa = PBXSourcesBuildPhase;
			buildActionMask = 2147483647;
			files = (
				2411BAE71F2EEC10000E4197 /* ViewController.swift in Sources */,
				2468886A1F2F332F0083B9E8 /* SCNAction+Extensions.swift in Sources */,
				246888691F2F332F0083B9E8 /* GameHelper.swift in Sources */,
				246888681F2F332F0083B9E8 /* GameUtils.swift in Sources */,
				2411BAE51F2EEC10000E4197 /* AppDelegate.swift in Sources */,
			);
			runOnlyForDeploymentPostprocessing = 0;
		};
/* End PBXSourcesBuildPhase section */

/* Begin PBXVariantGroup section */
		2411BAE81F2EEC10000E4197 /* Main.storyboard */ = {
			isa = PBXVariantGroup;
			children = (
				2411BAE91F2EEC10000E4197 /* Base */,
			);
			name = Main.storyboard;
			sourceTree = "<group>";
		};
		2411BAED1F2EEC10000E4197 /* LaunchScreen.storyboard */ = {
			isa = PBXVariantGroup;
			children = (
				2411BAEE1F2EEC10000E4197 /* Base */,
			);
			name = LaunchScreen.storyboard;
			sourceTree = "<group>";
		};
/* End PBXVariantGroup section */

/* Begin XCBuildConfiguration section */
		2411BAF11F2EEC10000E4197 /* Debug */ = {
			isa = XCBuildConfiguration;
			buildSettings = {
				ALWAYS_SEARCH_USER_PATHS = NO;
				CLANG_ANALYZER_NONNULL = YES;
				CLANG_ANALYZER_NUMBER_OBJECT_CONVERSION = YES_AGGRESSIVE;
				CLANG_CXX_LANGUAGE_STANDARD = "gnu++14";
				CLANG_CXX_LIBRARY = "libc++";
				CLANG_ENABLE_MODULES = YES;
				CLANG_ENABLE_OBJC_ARC = YES;
				CLANG_WARN_BLOCK_CAPTURE_AUTORELEASING = YES;
				CLANG_WARN_BOOL_CONVERSION = YES;
				CLANG_WARN_COMMA = YES;
				CLANG_WARN_CONSTANT_CONVERSION = YES;
				CLANG_WARN_DIRECT_OBJC_ISA_USAGE = YES_ERROR;
				CLANG_WARN_DOCUMENTATION_COMMENTS = YES;
				CLANG_WARN_EMPTY_BODY = YES;
				CLANG_WARN_ENUM_CONVERSION = YES;
				CLANG_WARN_INFINITE_RECURSION = YES;
				CLANG_WARN_INT_CONVERSION = YES;
				CLANG_WARN_OBJC_ROOT_CLASS = YES_ERROR;
				CLANG_WARN_RANGE_LOOP_ANALYSIS = YES;
				CLANG_WARN_STRICT_PROTOTYPES = YES;
				CLANG_WARN_SUSPICIOUS_MOVE = YES;
				CLANG_WARN_UNGUARDED_AVAILABILITY = YES_AGGRESSIVE;
				CLANG_WARN_UNREACHABLE_CODE = YES;
				CLANG_WARN__DUPLICATE_METHOD_MATCH = YES;
				CODE_SIGN_IDENTITY = "iPhone Developer";
				COPY_PHASE_STRIP = NO;
				DEBUG_INFORMATION_FORMAT = dwarf;
				ENABLE_STRICT_OBJC_MSGSEND = YES;
				ENABLE_TESTABILITY = YES;
				GCC_C_LANGUAGE_STANDARD = gnu11;
				GCC_DYNAMIC_NO_PIC = NO;
				GCC_NO_COMMON_BLOCKS = YES;
				GCC_OPTIMIZATION_LEVEL = 0;
				GCC_PREPROCESSOR_DEFINITIONS = (
					"DEBUG=1",
					"$(inherited)",
				);
				GCC_WARN_64_TO_32_BIT_CONVERSION = YES;
				GCC_WARN_ABOUT_RETURN_TYPE = YES_ERROR;
				GCC_WARN_UNDECLARED_SELECTOR = YES;
				GCC_WARN_UNINITIALIZED_AUTOS = YES_AGGRESSIVE;
				GCC_WARN_UNUSED_FUNCTION = YES;
				GCC_WARN_UNUSED_VARIABLE = YES;
				IPHONEOS_DEPLOYMENT_TARGET = 11.0;
				MTL_ENABLE_DEBUG_INFO = YES;
				ONLY_ACTIVE_ARCH = YES;
				SDKROOT = iphoneos;
				SWIFT_ACTIVE_COMPILATION_CONDITIONS = DEBUG;
				SWIFT_OPTIMIZATION_LEVEL = "-Onone";
			};
			name = Debug;
		};
		2411BAF21F2EEC10000E4197 /* Release */ = {
			isa = XCBuildConfiguration;
			buildSettings = {
				ALWAYS_SEARCH_USER_PATHS = NO;
				CLANG_ANALYZER_NONNULL = YES;
				CLANG_ANALYZER_NUMBER_OBJECT_CONVERSION = YES_AGGRESSIVE;
				CLANG_CXX_LANGUAGE_STANDARD = "gnu++14";
				CLANG_CXX_LIBRARY = "libc++";
				CLANG_ENABLE_MODULES = YES;
				CLANG_ENABLE_OBJC_ARC = YES;
				CLANG_WARN_BLOCK_CAPTURE_AUTORELEASING = YES;
				CLANG_WARN_BOOL_CONVERSION = YES;
				CLANG_WARN_COMMA = YES;
				CLANG_WARN_CONSTANT_CONVERSION = YES;
				CLANG_WARN_DIRECT_OBJC_ISA_USAGE = YES_ERROR;
				CLANG_WARN_DOCUMENTATION_COMMENTS = YES;
				CLANG_WARN_EMPTY_BODY = YES;
				CLANG_WARN_ENUM_CONVERSION = YES;
				CLANG_WARN_INFINITE_RECURSION = YES;
				CLANG_WARN_INT_CONVERSION = YES;
				CLANG_WARN_OBJC_ROOT_CLASS = YES_ERROR;
				CLANG_WARN_RANGE_LOOP_ANALYSIS = YES;
				CLANG_WARN_STRICT_PROTOTYPES = YES;
				CLANG_WARN_SUSPICIOUS_MOVE = YES;
				CLANG_WARN_UNGUARDED_AVAILABILITY = YES_AGGRESSIVE;
				CLANG_WARN_UNREACHABLE_CODE = YES;
				CLANG_WARN__DUPLICATE_METHOD_MATCH = YES;
				CODE_SIGN_IDENTITY = "iPhone Developer";
				COPY_PHASE_STRIP = NO;
				DEBUG_INFORMATION_FORMAT = "dwarf-with-dsym";
				ENABLE_NS_ASSERTIONS = NO;
				ENABLE_STRICT_OBJC_MSGSEND = YES;
				GCC_C_LANGUAGE_STANDARD = gnu11;
				GCC_NO_COMMON_BLOCKS = YES;
				GCC_WARN_64_TO_32_BIT_CONVERSION = YES;
				GCC_WARN_ABOUT_RETURN_TYPE = YES_ERROR;
				GCC_WARN_UNDECLARED_SELECTOR = YES;
				GCC_WARN_UNINITIALIZED_AUTOS = YES_AGGRESSIVE;
				GCC_WARN_UNUSED_FUNCTION = YES;
				GCC_WARN_UNUSED_VARIABLE = YES;
				IPHONEOS_DEPLOYMENT_TARGET = 11.0;
				MTL_ENABLE_DEBUG_INFO = NO;
				SDKROOT = iphoneos;
				SWIFT_OPTIMIZATION_LEVEL = "-Owholemodule";
				VALIDATE_PRODUCT = YES;
			};
			name = Release;
		};
		2411BAF41F2EEC10000E4197 /* Debug */ = {
			isa = XCBuildConfiguration;
			buildSettings = {
				ASSETCATALOG_COMPILER_APPICON_NAME = AppIcon;
				DEVELOPMENT_TEAM = VEBQ28K9EA;
				INFOPLIST_FILE = Mr.Pig/Info.plist;
				LD_RUNPATH_SEARCH_PATHS = "$(inherited) @executable_path/Frameworks";
				OTHER_SWIFT_FLAGS = "-DDEBUG";
				PRODUCT_BUNDLE_IDENTIFIER = "com.krayc.Mr-Pig";
				PRODUCT_NAME = "$(TARGET_NAME)";
				SWIFT_VERSION = 4.0;
				TARGETED_DEVICE_FAMILY = "1,2";
			};
			name = Debug;
		};
		2411BAF51F2EEC10000E4197 /* Release */ = {
			isa = XCBuildConfiguration;
			buildSettings = {
				ASSETCATALOG_COMPILER_APPICON_NAME = AppIcon;
				DEVELOPMENT_TEAM = VEBQ28K9EA;
				INFOPLIST_FILE = Mr.Pig/Info.plist;
				LD_RUNPATH_SEARCH_PATHS = "$(inherited) @executable_path/Frameworks";
				OTHER_SWIFT_FLAGS = "-DDEBUG";
				PRODUCT_BUNDLE_IDENTIFIER = "com.krayc.Mr-Pig";
				PRODUCT_NAME = "$(TARGET_NAME)";
				SWIFT_VERSION = 4.0;
				TARGETED_DEVICE_FAMILY = "1,2";
			};
			name = Release;
		};
/* End XCBuildConfiguration section */

/* Begin XCConfigurationList section */
		2411BADC1F2EEC10000E4197 /* Build configuration list for PBXProject "Mr.Pig" */ = {
			isa = XCConfigurationList;
			buildConfigurations = (
				2411BAF11F2EEC10000E4197 /* Debug */,
				2411BAF21F2EEC10000E4197 /* Release */,
			);
			defaultConfigurationIsVisible = 0;
			defaultConfigurationName = Release;
		};
		2411BAF31F2EEC10000E4197 /* Build configuration list for PBXNativeTarget "Mr.Pig" */ = {
			isa = XCConfigurationList;
			buildConfigurations = (
				2411BAF41F2EEC10000E4197 /* Debug */,
				2411BAF51F2EEC10000E4197 /* Release */,
			);
			defaultConfigurationIsVisible = 0;
			defaultConfigurationName = Release;
		};
/* End XCConfigurationList section */
	};
	rootObject = 2411BAD91F2EEC10000E4197 /* Project object */;
}
